
Microsoft Visual Studio Solution File, Format Version 12.00
# Visual Studio Version 16
VisualStudioVersion = 16.0.30517.126
MinimumVisualStudioVersion = 10.0.40219.1
Project("{FAE04EC0-301F-11D3-BF4B-00C04F79EFBC}") = "RentalKendaraan_014", "RentalKendaraan_014\RentalKendaraan_014.csproj", "{B58B3B1C-58B0-4D2A-B127-0EB581551B0D}"
EndProject
Global
	GlobalSection(SolutionConfigurationPlatforms) = preSolution
		Debug|Any CPU = Debug|Any CPU
		Release|Any CPU = Release|Any CPU
	EndGlobalSection
	GlobalSection(ProjectConfigurationPlatforms) = postSolution
		{B58B3B1C-58B0-4D2A-B127-0EB581551B0D}.Debug|Any CPU.ActiveCfg = Debug|Any CPU
		{B58B3B1C-58B0-4D2A-B127-0EB581551B0D}.Debug|Any CPU.Build.0 = Debug|Any CPU
		{B58B3B1C-58B0-4D2A-B127-0EB581551B0D}.Release|Any CPU.ActiveCfg = Release|Any CPU
		{B58B3B1C-58B0-4D2A-B127-0EB581551B0D}.Release|Any CPU.Build.0 = Release|Any CPU
	EndGlobalSection
	GlobalSection(SolutionProperties) = preSolution
		HideSolutionNode = FALSE
	EndGlobalSection
	GlobalSection(ExtensibilityGlobals) = postSolution
		SolutionGuid = {21FE5AEC-1CE7-4716-9672-9BED74FC507F}
	EndGlobalSection
EndGlobal
